[root]
name = "did-i-github-today"
version = "0.1.0"
dependencies = [
 "json 0.11.9 (registry+https://github.com/rust-lang/crates.io-index)",
]

[[package]]
name = "json"
version = "0.11.9"
source = "registry+https://github.com/rust-lang/crates.io-index"

[metadata]
"checksum json 0.11.9 (registry+https://github.com/rust-lang/crates.io-index)" = "c2b0b20012c690c7f0578893637d3b4b61511e3fe4774389b5e77dd8023bc3e4"
